{
    "_readme": [
        "This file locks the dependencies of your project to a known state",
        "Read more about it at http://getcomposer.org/doc/01-basic-usage.md#composer-lock-the-lock-file"
    ],
    "hash": "56f4e21d280587b0acc5a74526384441",
    "packages": [
        {
            "name": "brainsware/php-markdown-extra-extended",
            "version": "dev-master",
            "source": {
                "type": "git",
                "url": "https://github.com/Brainsware/php-markdown-extra-extended.git",
                "reference": "630b5fb86d4839f4e468b49529e26009863bae0b"
            },
            "dist": {
                "type": "zip",
                "url": "https://api.github.com/repos/Brainsware/php-markdown-extra-extended/zipball/630b5fb86d4839f4e468b49529e26009863bae0b",
                "reference": "630b5fb86d4839f4e468b49529e26009863bae0b",
                "shasum": ""
            },
            "require": {
                "php": ">=5.3"
            },
            "type": "library",
            "notification-url": "http://packagist.org/downloads/",
            "license": [
                "MIT"
            ],
            "description": "PHP Markdown & Extra",
            "homepage": "https://github.com/Brainsware/php-markdown-extra-extended",
            "keywords": [
                "markdown"
            ],
            "time": "2013-03-22 13:22:28"
        },
        {
            "name": "modularr/yaml-front-matter",
            "version": "dev-master",
            "source": {
                "type": "git",
                "url": "https://github.com/Blaxus/YAML-FrontMatter.git",
                "reference": "0.1.0"
            },
            "dist": {
                "type": "zip",
                "url": "https://api.github.com/repos/Blaxus/YAML-FrontMatter/zipball/0.1.0",
                "reference": "0.1.0",
                "shasum": ""
            },
            "type": "library",
            "notification-url": "http://packagist.org/downloads/",
            "license": [
                "UNLICENSE"
            ],
            "authors": [
                {
                    "name": "David D'hont",
                    "email": "admin@daviddhont.com"
                }
            ],
            "description": "YAML-FrontMatter is a simple to use PHP only FrontMatter type parser Library.",
            "homepage": "http://modularr.com",
            "keywords": [
                "frontmatter",
                "metadata",
                "parser",
                "parsing",
                "php"
            ],
            "time": "2013-04-11 23:44:23"
        },
        {
            "name": "mustache/mustache",
            "version": "dev-master",
            "source": {
                "type": "git",
                "url": "https://github.com/bobthecow/mustache.php.git",
                "reference": "v2.3.1"
            },
            "dist": {
                "type": "zip",
                "url": "https://api.github.com/repos/bobthecow/mustache.php/zipball/v2.3.1",
                "reference": "v2.3.1",
                "shasum": ""
            },
            "require": {
                "php": ">=5.2.4"
            },
            "type": "library",
            "autoload": {
                "psr-0": {
                    "Mustache": "src/"
                }
            },
            "notification-url": "http://packagist.org/downloads/",
            "license": [
                "MIT"
            ],
            "authors": [
                {
                    "name": "Justin Hileman",
                    "email": "justin@justinhileman.info",
                    "homepage": "http://justinhileman.com"
                }
            ],
            "description": "A Mustache implementation in PHP.",
            "homepage": "https://github.com/bobthecow/mustache.php",
            "keywords": [
                "mustache",
                "templating"
            ],
            "time": "2013-04-25 15:23:30"
        }
    ],
    "packages-dev": [

    ],
    "aliases": [

    ],
    "minimum-stability": "stable",
    "stability-flags": {
        "brainsware/php-markdown-extra-extended": 20,
        "mustache/mustache": 20,
        "modularr/yaml-front-matter": 20
    },
    "platform": [

    ],
    "platform-dev": [

    ]
}
